# THIS IS AN AUTOGENERATED FILE. DO NOT EDIT THIS FILE DIRECTLY.
# yarn lockfile v1


"@babel/code-frame@^7.16.7":
  version "7.16.7"
  resolved "https://registry.yarnpkg.com/@babel/code-frame/-/code-frame-7.16.7.tgz#44416b6bd7624b998f5b1af5d470856c40138789"
  integrity sha512-iAXqUn8IIeBTNd72xsFlgaXHkMBMt6y4HJp1tIaK465CWLT/fG1aqB7ykr95gHHmlBdGbFeWWfyB4NJJ0nmeIg==
  dependencies:
    "@babel/highlight" "^7.16.7"

"@babel/generator@^7.17.0":
  version "7.17.0"
  resolved "https://registry.yarnpkg.com/@babel/generator/-/generator-7.17.0.tgz#7bd890ba706cd86d3e2f727322346ffdbf98f65e"
  integrity sha512-I3Omiv6FGOC29dtlZhkfXO6pgkmukJSlT26QjVvS1DGZe/NzSVCPG41X0tS21oZkJYlovfj9qDWgKP+Cn4bXxw==
  dependencies:
    "@babel/types" "^7.17.0"
    jsesc "^2.5.1"
    source-map "^0.5.0"

"@babel/helper-annotate-as-pure@^7.16.7":
  version "7.16.7"
  resolved "https://registry.yarnpkg.com/@babel/helper-annotate-as-pure/-/helper-annotate-as-pure-7.16.7.tgz#bb2339a7534a9c128e3102024c60760a3a7f3862"
  integrity sha512-s6t2w/IPQVTAET1HitoowRGXooX8mCgtuP5195wD/QJPV6wYjpujCGF7JuMODVX2ZAJOf1GT6DT9MHEZvLOFSw==
  dependencies:
    "@babel/types" "^7.16.7"

"@babel/helper-create-class-features-plugin@^7.16.7":
  version "7.17.1"
  resolved "https://registry.yarnpkg.com/@babel/helper-create-class-features-plugin/-/helper-create-class-features-plugin-7.17.1.tgz#9699f14a88833a7e055ce57dcd3ffdcd25186b21"
  integrity sha512-JBdSr/LtyYIno/pNnJ75lBcqc3Z1XXujzPanHqjvvrhOA+DTceTFuJi8XjmWTZh4r3fsdfqaCMN0iZemdkxZHQ==
  dependencies:
    "@babel/helper-annotate-as-pure" "^7.16.7"
    "@babel/helper-environment-visitor" "^7.16.7"
    "@babel/helper-function-name" "^7.16.7"
    "@babel/helper-member-expression-to-functions" "^7.16.7"
    "@babel/helper-optimise-call-expression" "^7.16.7"
    "@babel/helper-replace-supers" "^7.16.7"
    "@babel/helper-split-export-declaration" "^7.16.7"

"@babel/helper-environment-visitor@^7.16.7":
  version "7.16.7"
  resolved "https://registry.yarnpkg.com/@babel/helper-environment-visitor/-/helper-environment-visitor-7.16.7.tgz#ff484094a839bde9d89cd63cba017d7aae80ecd7"
  integrity sha512-SLLb0AAn6PkUeAfKJCCOl9e1R53pQlGAfc4y4XuMRZfqeMYLE0dM1LMhqbGAlGQY0lfw5/ohoYWAe9V1yibRag==
  dependencies:
    "@babel/types" "^7.16.7"

"@babel/helper-function-name@^7.16.7":
  version "7.16.7"
  resolved "https://registry.yarnpkg.com/@babel/helper-function-name/-/helper-function-name-7.16.7.tgz#f1ec51551fb1c8956bc8dd95f38523b6cf375f8f"
  integrity sha512-QfDfEnIUyyBSR3HtrtGECuZ6DAyCkYFp7GHl75vFtTnn6pjKeK0T1DB5lLkFvBea8MdaiUABx3osbgLyInoejA==
  dependencies:
    "@babel/helper-get-function-arity" "^7.16.7"
    "@babel/template" "^7.16.7"
    "@babel/types" "^7.16.7"

"@babel/helper-get-function-arity@^7.16.7":
  version "7.16.7"
  resolved "https://registry.yarnpkg.com/@babel/helper-get-function-arity/-/helper-get-function-arity-7.16.7.tgz#ea08ac753117a669f1508ba06ebcc49156387419"
  integrity sha512-flc+RLSOBXzNzVhcLu6ujeHUrD6tANAOU5ojrRx/as+tbzf8+stUCj7+IfRRoAbEZqj/ahXEMsjhOhgeZsrnTw==
  dependencies:
    "@babel/types" "^7.16.7"

"@babel/helper-hoist-variables@^7.16.7":
  version "7.16.7"
  resolved "https://registry.yarnpkg.com/@babel/helper-hoist-variables/-/helper-hoist-variables-7.16.7.tgz#86bcb19a77a509c7b77d0e22323ef588fa58c246"
  integrity sha512-m04d/0Op34H5v7pbZw6pSKP7weA6lsMvfiIAMeIvkY/R4xQtBSMFEigu9QTZ2qB/9l22vsxtM8a+Q8CzD255fg==
  dependencies:
    "@babel/types" "^7.16.7"

"@babel/helper-member-expression-to-functions@^7.16.7":
  version "7.16.7"
  resolved "https://registry.yarnpkg.com/@babel/helper-member-expression-to-functions/-/helper-member-expression-to-functions-7.16.7.tgz#42b9ca4b2b200123c3b7e726b0ae5153924905b0"
  integrity sha512-VtJ/65tYiU/6AbMTDwyoXGPKHgTsfRarivm+YbB5uAzKUyuPjgZSgAFeG87FCigc7KNHu2Pegh1XIT3lXjvz3Q==
  dependencies:
    "@babel/types" "^7.16.7"

"@babel/helper-module-imports@^7.16.7":
  version "7.16.7"
  resolved "https://registry.yarnpkg.com/@babel/helper-module-imports/-/helper-module-imports-7.16.7.tgz#25612a8091a999704461c8a222d0efec5d091437"
  integrity sha512-LVtS6TqjJHFc+nYeITRo6VLXve70xmq7wPhWTqDJusJEgGmkAACWwMiTNrvfoQo6hEhFwAIixNkvB0jPXDL8Wg==
  dependencies:
    "@babel/types" "^7.16.7"

"@babel/helper-module-transforms@^7.16.7":
  version "7.16.7"
  resolved "https://registry.yarnpkg.com/@babel/helper-module-transforms/-/helper-module-transforms-7.16.7.tgz#7665faeb721a01ca5327ddc6bba15a5cb34b6a41"
  integrity sha512-gaqtLDxJEFCeQbYp9aLAefjhkKdjKcdh6DB7jniIGU3Pz52WAmP268zK0VgPz9hUNkMSYeH976K2/Y6yPadpng==
  dependencies:
    "@babel/helper-environment-visitor" "^7.16.7"
    "@babel/helper-module-imports" "^7.16.7"
    "@babel/helper-simple-access" "^7.16.7"
    "@babel/helper-split-export-declaration" "^7.16.7"
    "@babel/helper-validator-identifier" "^7.16.7"
    "@babel/template" "^7.16.7"
    "@babel/traverse" "^7.16.7"
    "@babel/types" "^7.16.7"

"@babel/helper-optimise-call-expression@^7.16.7":
  version "7.16.7"
  resolved "https://registry.yarnpkg.com/@babel/helper-optimise-call-expression/-/helper-optimise-call-expression-7.16.7.tgz#a34e3560605abbd31a18546bd2aad3e6d9a174f2"
  integrity sha512-EtgBhg7rd/JcnpZFXpBy0ze1YRfdm7BnBX4uKMBd3ixa3RGAE002JZB66FJyNH7g0F38U05pXmA5P8cBh7z+1w==
  dependencies:
    "@babel/types" "^7.16.7"

"@babel/helper-plugin-utils@^7.16.7":
  version "7.16.7"
  resolved "https://registry.yarnpkg.com/@babel/helper-plugin-utils/-/helper-plugin-utils-7.16.7.tgz#aa3a8ab4c3cceff8e65eb9e73d87dc4ff320b2f5"
  integrity sha512-Qg3Nk7ZxpgMrsox6HreY1ZNKdBq7K72tDSliA6dCl5f007jR4ne8iD5UzuNnCJH2xBf2BEEVGr+/OL6Gdp7RxA==

"@babel/helper-replace-supers@^7.16.7":
  version "7.16.7"
  resolved "https://registry.yarnpkg.com/@babel/helper-replace-supers/-/helper-replace-supers-7.16.7.tgz#e9f5f5f32ac90429c1a4bdec0f231ef0c2838ab1"
  integrity sha512-y9vsWilTNaVnVh6xiJfABzsNpgDPKev9HnAgz6Gb1p6UUwf9NepdlsV7VXGCftJM+jqD5f7JIEubcpLjZj5dBw==
  dependencies:
    "@babel/helper-environment-visitor" "^7.16.7"
    "@babel/helper-member-expression-to-functions" "^7.16.7"
    "@babel/helper-optimise-call-expression" "^7.16.7"
    "@babel/traverse" "^7.16.7"
    "@babel/types" "^7.16.7"

"@babel/helper-simple-access@^7.16.7":
  version "7.16.7"
  resolved "https://registry.yarnpkg.com/@babel/helper-simple-access/-/helper-simple-access-7.16.7.tgz#d656654b9ea08dbb9659b69d61063ccd343ff0f7"
  integrity sha512-ZIzHVyoeLMvXMN/vok/a4LWRy8G2v205mNP0XOuf9XRLyX5/u9CnVulUtDgUTama3lT+bf/UqucuZjqiGuTS1g==
  dependencies:
    "@babel/types" "^7.16.7"

"@babel/helper-split-export-declaration@^7.16.7":
  version "7.16.7"
  resolved "https://registry.yarnpkg.com/@babel/helper-split-export-declaration/-/helper-split-export-declaration-7.16.7.tgz#0b648c0c42da9d3920d85ad585f2778620b8726b"
  integrity sha512-xbWoy/PFoxSWazIToT9Sif+jJTlrMcndIsaOKvTA6u7QEo7ilkRZpjew18/W3c7nm8fXdUDXh02VXTbZ0pGDNw==
  dependencies:
    "@babel/types" "^7.16.7"

"@babel/helper-validator-identifier@^7.16.7":
  version "7.16.7"
  resolved "https://registry.yarnpkg.com/@babel/helper-validator-identifier/-/helper-validator-identifier-7.16.7.tgz#e8c602438c4a8195751243da9031d1607d247cad"
  integrity sha512-hsEnFemeiW4D08A5gUAZxLBTXpZ39P+a+DGDsHw1yxqyQ/jzFEnxf5uTEGp+3bzAbNOxU1paTgYS4ECU/IgfDw==

"@babel/highlight@^7.16.7":
  version "7.16.10"
  resolved "https://registry.yarnpkg.com/@babel/highlight/-/highlight-7.16.10.tgz#744f2eb81579d6eea753c227b0f570ad785aba88"
  integrity sha512-5FnTQLSLswEj6IkgVw5KusNUUFY9ZGqe/TRFnP/BKYHYgfh7tc+C7mwiy95/yNP7Dh9x580Vv8r7u7ZfTBFxdw==
  dependencies:
    "@babel/helper-validator-identifier" "^7.16.7"
    chalk "^2.0.0"
    js-tokens "^4.0.0"

"@babel/parser@^7.16.7", "@babel/parser@^7.17.0":
  version "7.17.0"
  resolved "https://registry.yarnpkg.com/@babel/parser/-/parser-7.17.0.tgz#f0ac33eddbe214e4105363bb17c3341c5ffcc43c"
  integrity sha512-VKXSCQx5D8S04ej+Dqsr1CzYvvWgf20jIw2D+YhQCrIlr2UZGaDds23Y0xg75/skOxpLCRpUZvk/1EAVkGoDOw==

"@babel/plugin-proposal-class-properties@^7.16.7":
  version "7.16.7"
  resolved "https://registry.yarnpkg.com/@babel/plugin-proposal-class-properties/-/plugin-proposal-class-properties-7.16.7.tgz#925cad7b3b1a2fcea7e59ecc8eb5954f961f91b0"
  integrity sha512-IobU0Xme31ewjYOShSIqd/ZGM/r/cuOz2z0MDbNrhF5FW+ZVgi0f2lyeoj9KFPDOAqsYxmLWZte1WOwlvY9aww==
  dependencies:
    "@babel/helper-create-class-features-plugin" "^7.16.7"
    "@babel/helper-plugin-utils" "^7.16.7"

"@babel/plugin-transform-modules-commonjs@^7.16.8":
  version "7.16.8"
  resolved "https://registry.yarnpkg.com/@babel/plugin-transform-modules-commonjs/-/plugin-transform-modules-commonjs-7.16.8.tgz#cdee19aae887b16b9d331009aa9a219af7c86afe"
  integrity sha512-oflKPvsLT2+uKQopesJt3ApiaIS2HW+hzHFcwRNtyDGieAeC/dIHZX8buJQ2J2X1rxGPy4eRcUijm3qcSPjYcA==
  dependencies:
    "@babel/helper-module-transforms" "^7.16.7"
    "@babel/helper-plugin-utils" "^7.16.7"
    "@babel/helper-simple-access" "^7.16.7"
    babel-plugin-dynamic-import-node "^2.3.3"

"@babel/runtime@^7.9.2":
  version "7.17.2"
  resolved "https://registry.yarnpkg.com/@babel/runtime/-/runtime-7.17.2.tgz#66f68591605e59da47523c631416b18508779941"
  integrity sha512-hzeyJyMA1YGdJTuWU0e/j4wKXrU4OMFvY2MSlaI9B7VQb0r5cxTE3EAIS2Q7Tn2RIcDkRvTA/v2JsAEhxe99uw==
  dependencies:
    regenerator-runtime "^0.13.4"

"@babel/template@^7.16.7":
  version "7.16.7"
  resolved "https://registry.yarnpkg.com/@babel/template/-/template-7.16.7.tgz#8d126c8701fde4d66b264b3eba3d96f07666d155"
  integrity sha512-I8j/x8kHUrbYRTUxXrrMbfCa7jxkE7tZre39x3kjr9hvI82cK1FfqLygotcWN5kdPGWcLdWMHpSBavse5tWw3w==
  dependencies:
    "@babel/code-frame" "^7.16.7"
    "@babel/parser" "^7.16.7"
    "@babel/types" "^7.16.7"

"@babel/traverse@^7.16.7":
  version "7.17.0"
  resolved "https://registry.yarnpkg.com/@babel/traverse/-/traverse-7.17.0.tgz#3143e5066796408ccc880a33ecd3184f3e75cd30"
  integrity sha512-fpFIXvqD6kC7c7PUNnZ0Z8cQXlarCLtCUpt2S1Dx7PjoRtCFffvOkHHSom+m5HIxMZn5bIBVb71lhabcmjEsqg==
  dependencies:
    "@babel/code-frame" "^7.16.7"
    "@babel/generator" "^7.17.0"
    "@babel/helper-environment-visitor" "^7.16.7"
    "@babel/helper-function-name" "^7.16.7"
    "@babel/helper-hoist-variables" "^7.16.7"
    "@babel/helper-split-export-declaration" "^7.16.7"
    "@babel/parser" "^7.17.0"
    "@babel/types" "^7.17.0"
    debug "^4.1.0"
    globals "^11.1.0"

"@babel/types@^7.16.7", "@babel/types@^7.17.0":
  version "7.17.0"
  resolved "https://registry.yarnpkg.com/@babel/types/-/types-7.17.0.tgz#a826e368bccb6b3d84acd76acad5c0d87342390b"
  integrity sha512-TmKSNO4D5rzhL5bjWFcVHHLETzfQ/AmbKpKPOSjlP0WoHZ6L911fgoOKY4Alp/emzG4cHJdyN49zpgkbXFEHHw==
  dependencies:
    "@babel/helper-validator-identifier" "^7.16.7"
    to-fast-properties "^2.0.0"

"@reduxjs/toolkit@^1.7.2":
  version "1.7.2"
  resolved "https://registry.yarnpkg.com/@reduxjs/toolkit/-/toolkit-1.7.2.tgz#b428aaef92582379464f9de698dbb71957eafb02"
  integrity sha512-wwr3//Ar8ZhM9bS58O+HCIaMlR4Y6SNHfuszz9hKnQuFIKvwaL3Kmjo6fpDKUOjo4Lv54Yi299ed8rofCJ/Vjw==
  dependencies:
    immer "^9.0.7"
    redux "^4.1.2"
    redux-thunk "^2.4.1"
    reselect "^4.1.5"

all@^0.0.0:
  version "0.0.0"
  resolved "https://registry.yarnpkg.com/all/-/all-0.0.0.tgz#fb2aa75d4759d40e39ecbb118fabf0cc11ff554f"
  integrity sha1-+yqnXUdZ1A457LsRj6vwzBH/VU8=

ansi-styles@^3.2.1:
  version "3.2.1"
  resolved "https://registry.yarnpkg.com/ansi-styles/-/ansi-styles-3.2.1.tgz#41fbb20243e50b12be0f04b8dedbf07520ce841d"
  integrity sha512-VT0ZI6kZRdTh8YyJw3SMbYm/u+NqfsAxEpWO0Pf9sq8/e94WxxOpPKx9FR1FlyCtOVDNOQ+8ntlqFxiRc+r5qA==
  dependencies:
    color-convert "^1.9.0"

axios@^0.25.0:
  version "0.25.0"
  resolved "https://registry.yarnpkg.com/axios/-/axios-0.25.0.tgz#349cfbb31331a9b4453190791760a8d35b093e0a"
  integrity sha512-cD8FOb0tRH3uuEe6+evtAbgJtfxr7ly3fQjYcMcuPlgkwVS9xboaVIpcDV+cYQe+yGykgwZCs1pzjntcGa6l5g==
  dependencies:
    follow-redirects "^1.14.7"

babel-plugin-dynamic-import-node@^2.3.3:
  version "2.3.3"
  resolved "https://registry.yarnpkg.com/babel-plugin-dynamic-import-node/-/babel-plugin-dynamic-import-node-2.3.3.tgz#84fda19c976ec5c6defef57f9427b3def66e17a3"
  integrity sha512-jZVI+s9Zg3IqA/kdi0i6UDCybUI3aSBLnglhYbSSjKlV7yF1F/5LWv8MakQmvYpnbJDS6fcBL2KzHSxNCMtWSQ==
  dependencies:
    object.assign "^4.1.0"

call-bind@^1.0.0:
  version "1.0.2"
  resolved "https://registry.yarnpkg.com/call-bind/-/call-bind-1.0.2.tgz#b1d4e89e688119c3c9a903ad30abb2f6a919be3c"
  integrity sha512-7O+FbCihrB5WGbFYesctwmTKae6rOiIzmz1icreWJ+0aA7LJfuqhEso2T9ncpcFtzMQtzXf2QGGueWJGTYsqrA==
  dependencies:
    function-bind "^1.1.1"
    get-intrinsic "^1.0.2"

chalk@^2.0.0:
  version "2.4.2"
  resolved "https://registry.yarnpkg.com/chalk/-/chalk-2.4.2.tgz#cd42541677a54333cf541a49108c1432b44c9424"
  integrity sha512-Mti+f9lpJNcwF4tWV8/OrTTtF1gZi+f8FqlyAdouralcFWFQWF2+NgCHShjkCb+IFBLq9buZwE1xckQU4peSuQ==
  dependencies:
    ansi-styles "^3.2.1"
    escape-string-regexp "^1.0.5"
    supports-color "^5.3.0"

color-convert@^1.9.0:
  version "1.9.3"
  resolved "https://registry.yarnpkg.com/color-convert/-/color-convert-1.9.3.tgz#bb71850690e1f136567de629d2d5471deda4c1e8"
  integrity sha512-QfAUtd+vFdAtFQcC8CCyYt1fYWxSqAiK2cSD6zDB8N3cpsEBAvRxp9zOGg6G/SHHJYAT88/az/IuDGALsNVbGg==
  dependencies:
    color-name "1.1.3"

color-name@1.1.3:
  version "1.1.3"
  resolved "https://registry.yarnpkg.com/color-name/-/color-name-1.1.3.tgz#a7d0558bd89c42f795dd42328f740831ca53bc25"
  integrity sha1-p9BVi9icQveV3UIyj3QIMcpTvCU=

debug@^4.1.0:
  version "4.3.3"
  resolved "https://registry.yarnpkg.com/debug/-/debug-4.3.3.tgz#04266e0b70a98d4462e6e288e38259213332b664"
  integrity sha512-/zxw5+vh1Tfv+4Qn7a5nsbcJKPaSvCDhojn6FEl9vupwK2VCSDtEiEtqr8DFtzYFOdz63LBkxec7DYuc2jon6Q==
  dependencies:
    ms "2.1.2"

deep-diff@^0.3.5:
  version "0.3.8"
  resolved "https://registry.yarnpkg.com/deep-diff/-/deep-diff-0.3.8.tgz#c01de63efb0eec9798801d40c7e0dae25b582c84"
  integrity sha1-wB3mPvsO7JeYgB1Ax+Da4ltYLIQ=

define-properties@^1.1.3:
  version "1.1.3"
  resolved "https://registry.yarnpkg.com/define-properties/-/define-properties-1.1.3.tgz#cf88da6cbee26fe6db7094f61d870cbd84cee9f1"
  integrity sha512-3MqfYKj2lLzdMSf8ZIZE/V+Zuy+BgD6f164e8K2w7dgnpKArBDerGYpM46IYYcjnkdPNMjPk9A6VFB8+3SKlXQ==
  dependencies:
    object-keys "^1.0.12"

escape-string-regexp@^1.0.5:
  version "1.0.5"
  resolved "https://registry.yarnpkg.com/escape-string-regexp/-/escape-string-regexp-1.0.5.tgz#1b61c0562190a8dff6ae3bb2cf0200ca130b86d4"
  integrity sha1-G2HAViGQqN/2rjuyzwIAyhMLhtQ=

follow-redirects@^1.14.7:
  version "1.14.8"
  resolved "https://registry.yarnpkg.com/follow-redirects/-/follow-redirects-1.14.8.tgz#016996fb9a11a100566398b1c6839337d7bfa8fc"
  integrity sha512-1x0S9UVJHsQprFcEC/qnNzBLcIxsjAV905f/UkQxbclCsoTWlacCNOpQa/anodLl2uaEKFhfWOvM2Qg77+15zA==

function-bind@^1.1.1:
  version "1.1.1"
  resolved "https://registry.yarnpkg.com/function-bind/-/function-bind-1.1.1.tgz#a56899d3ea3c9bab874bb9773b7c5ede92f4895d"
  integrity sha512-yIovAzMX49sF8Yl58fSCWJ5svSLuaibPxXQJFLmBObTuCr0Mf1KiPopGM9NiFjiYBCbfaa2Fh6breQ6ANVTI0A==

get-intrinsic@^1.0.2:
  version "1.1.1"
  resolved "https://registry.yarnpkg.com/get-intrinsic/-/get-intrinsic-1.1.1.tgz#15f59f376f855c446963948f0d24cd3637b4abc6"
  integrity sha512-kWZrnVM42QCiEA2Ig1bG8zjoIMOgxWwYCEeNdwY6Tv/cOSeGpcoX4pXHfKUxNKVoArnrEr2e9srnAxxGIraS9Q==
  dependencies:
    function-bind "^1.1.1"
    has "^1.0.3"
    has-symbols "^1.0.1"

globals@^11.1.0:
  version "11.12.0"
  resolved "https://registry.yarnpkg.com/globals/-/globals-11.12.0.tgz#ab8795338868a0babd8525758018c2a7eb95c42e"
  integrity sha512-WOBp/EEGUiIsJSp7wcv/y6MO+lV9UoncWqxuFfm8eBwzWNgyfBd6Gz+IeKQ9jCmyhoH99g15M3T+QaVHFjizVA==

has-flag@^3.0.0:
  version "3.0.0"
  resolved "https://registry.yarnpkg.com/has-flag/-/has-flag-3.0.0.tgz#b5d454dc2199ae225699f3467e5a07f3b955bafd"
  integrity sha1-tdRU3CGZriJWmfNGfloH87lVuv0=

has-symbols@^1.0.1:
  version "1.0.2"
  resolved "https://registry.yarnpkg.com/has-symbols/-/has-symbols-1.0.2.tgz#165d3070c00309752a1236a479331e3ac56f1423"
  integrity sha512-chXa79rL/UC2KlX17jo3vRGz0azaWEx5tGqZg5pO3NUyEJVB17dMruQlzCCOfUvElghKcm5194+BCRvi2Rv/Gw==

has@^1.0.3:
  version "1.0.3"
  resolved "https://registry.yarnpkg.com/has/-/has-1.0.3.tgz#722d7cbfc1f6aa8241f16dd814e011e1f41e8796"
  integrity sha512-f2dvO0VU6Oej7RkWJGrehjbzMAjFp5/VKPp5tTpWIV4JHHZK1/BxbFRtf/siA2SWTe09caDmVtYYzWEIbBS4zw==
  dependencies:
    function-bind "^1.1.1"

immer@^9.0.7:
  version "9.0.12"
  resolved "https://registry.yarnpkg.com/immer/-/immer-9.0.12.tgz#2d33ddf3ee1d247deab9d707ca472c8c942a0f20"
  integrity sha512-lk7UNmSbAukB5B6dh9fnh5D0bJTOFKxVg2cyJWTYrWRfhLrLMBquONcUs3aFq507hNoIZEDDh8lb8UtOizSMhA==

js-tokens@^4.0.0:
  version "4.0.0"
  resolved "https://registry.yarnpkg.com/js-tokens/-/js-tokens-4.0.0.tgz#19203fb59991df98e3a287050d4647cdeaf32499"
  integrity sha512-RdJUflcE3cUzKiMqQgsCu06FPu9UdIJO0beYbPhHN4k6apgJtifcoCtT9bcxOpYBtpD2kCM6Sbzg4CausW/PKQ==

jsesc@^2.5.1:
  version "2.5.2"
  resolved "https://registry.yarnpkg.com/jsesc/-/jsesc-2.5.2.tgz#80564d2e483dacf6e8ef209650a67df3f0c283a4"
  integrity sha512-OYu7XEzjkCQ3C5Ps3QIZsQfNpqoJyZZA99wd9aWd05NCtC5pWOkShK2mkL6HXQR6/Cy2lbNdPlZBpuQHXE63gA==

ms@2.1.2:
  version "2.1.2"
  resolved "https://registry.yarnpkg.com/ms/-/ms-2.1.2.tgz#d09d1f357b443f493382a8eb3ccd183872ae6009"
  integrity sha512-sGkPx+VjMtmA6MX27oA4FBFELFCZZ4S4XqeGOXCv68tT+jb3vk/RyaKWP0PTKyWtmLSM0b+adUTEvbs1PEaH2w==

object-keys@^1.0.12, object-keys@^1.1.1:
  version "1.1.1"
  resolved "https://registry.yarnpkg.com/object-keys/-/object-keys-1.1.1.tgz#1c47f272df277f3b1daf061677d9c82e2322c60e"
  integrity sha512-NuAESUOUMrlIXOfHKzD6bpPu3tYt3xvjNdRIQ+FeT0lNb4K8WR70CaDxhuNguS2XG+GjkyMwOzsN5ZktImfhLA==

object.assign@^4.1.0:
  version "4.1.2"
  resolved "https://registry.yarnpkg.com/object.assign/-/object.assign-4.1.2.tgz#0ed54a342eceb37b38ff76eb831a0e788cb63940"
  integrity sha512-ixT2L5THXsApyiUPYKmW+2EHpXXe5Ii3M+f4e+aJFAHao5amFRW6J0OO6c/LU8Be47utCx2GL89hxGB6XSmKuQ==
  dependencies:
    call-bind "^1.0.0"
    define-properties "^1.1.3"
    has-symbols "^1.0.1"
    object-keys "^1.1.1"

redux-logger@^3.0.6:
  version "3.0.6"
  resolved "https://registry.yarnpkg.com/redux-logger/-/redux-logger-3.0.6.tgz#f7555966f3098f3c88604c449cf0baf5778274bf"
  integrity sha1-91VZZvMJjzyIYExEnPC69XeCdL8=
  dependencies:
    deep-diff "^0.3.5"

redux-thunk@^2.4.1:
  version "2.4.1"
  resolved "https://registry.yarnpkg.com/redux-thunk/-/redux-thunk-2.4.1.tgz#0dd8042cf47868f4b29699941de03c9301a75714"
  integrity sha512-OOYGNY5Jy2TWvTL1KgAlVy6dcx3siPJ1wTq741EPyUKfn6W6nChdICjZwCd0p8AZBs5kWpZlbkXW2nE/zjUa+Q==

redux@^4.1.2:
  version "4.1.2"
  resolved "https://registry.yarnpkg.com/redux/-/redux-4.1.2.tgz#140f35426d99bb4729af760afcf79eaaac407104"
  integrity sha512-SH8PglcebESbd/shgf6mii6EIoRM0zrQyjcuQ+ojmfxjTtE0z9Y8pa62iA/OJ58qjP6j27uyW4kUF4jl/jd6sw==
  dependencies:
    "@babel/runtime" "^7.9.2"

regenerator-runtime@^0.13.4:
  version "0.13.9"
  resolved "https://registry.yarnpkg.com/regenerator-runtime/-/regenerator-runtime-0.13.9.tgz#8925742a98ffd90814988d7566ad30ca3b263b52"
  integrity sha512-p3VT+cOEgxFsRRA9X4lkI1E+k2/CtnKtU4gcxyaCUreilL/vqI6CdZ3wxVUx3UOUg+gnUOQQcRI7BmSI656MYA==

reselect@^4.1.5:
  version "4.1.5"
  resolved "https://registry.yarnpkg.com/reselect/-/reselect-4.1.5.tgz#852c361247198da6756d07d9296c2b51eddb79f6"
  integrity sha512-uVdlz8J7OO+ASpBYoz1Zypgx0KasCY20H+N8JD13oUMtPvSHQuscrHop4KbXrbsBcdB9Ds7lVK7eRkBIfO43vQ==

source-map@^0.5.0:
  version "0.5.7"
  resolved "https://registry.yarnpkg.com/source-map/-/source-map-0.5.7.tgz#8a039d2d1021d22d1ea14c80d8ea468ba2ef3fcc"
  integrity sha1-igOdLRAh0i0eoUyA2OpGi6LvP8w=

supports-color@^5.3.0:
  version "5.5.0"
  resolved "https://registry.yarnpkg.com/supports-color/-/supports-color-5.5.0.tgz#e2e69a44ac8772f78a1ec0b35b689df6530efc8f"
  integrity sha512-QjVjwdXIt408MIiAqCX4oUKsgU2EqAGzs2Ppkm4aQYbjm+ZEWEcW4SfFNTr4uMNZma0ey4f5lgLrkB0aX0QMow==
  dependencies:
    has-flag "^3.0.0"

to-fast-properties@^2.0.0:
  version "2.0.0"
  resolved "https://registry.yarnpkg.com/to-fast-properties/-/to-fast-properties-2.0.0.tgz#dc5e698cbd079265bc73e0377681a4e4e83f616e"
  integrity sha1-3F5pjL0HkmW8c+A3doGk5Og/YW4=
